// !$*UTF8*$!
{
	archiveVersion = 1;
	classes = {
	};
	objectVersion = 56;
	objects = {

/* Begin PBXBuildFile section */
		1032CC4C2B15E65E00F2B676 /* BorderedView.swift in Sources */ = {isa = PBXBuildFile; fileRef = 1032CC4B2B15E65E00F2B676 /* BorderedView.swift */; };
		1032CC502B15F82600F2B676 /* CelebrityCell.swift in Sources */ = {isa = PBXBuildFile; fileRef = 1032CC4E2B15F82600F2B676 /* CelebrityCell.swift */; };
		1032CC512B15F82600F2B676 /* CelebrityCell.xib in Resources */ = {isa = PBXBuildFile; fileRef = 1032CC4F2B15F82600F2B676 /* CelebrityCell.xib */; };
		1032CC542B16948500F2B676 /* UICollectionView+Extension.swift in Sources */ = {isa = PBXBuildFile; fileRef = 1032CC532B16948500F2B676 /* UICollectionView+Extension.swift */; };
		1032CC572B1694BC00F2B676 /* NibLoadable.swift in Sources */ = {isa = PBXBuildFile; fileRef = 1032CC562B1694BC00F2B676 /* NibLoadable.swift */; };
		1032CC592B1694DB00F2B676 /* Reusable.swift in Sources */ = {isa = PBXBuildFile; fileRef = 1032CC582B1694DB00F2B676 /* Reusable.swift */; };
		103DD38E2B15B2F500624EDF /* AppDelegate.swift in Sources */ = {isa = PBXBuildFile; fileRef = 103DD38D2B15B2F500624EDF /* AppDelegate.swift */; };
		103DD3952B15B2F500624EDF /* Main.storyboard in Resources */ = {isa = PBXBuildFile; fileRef = 103DD3932B15B2F500624EDF /* Main.storyboard */; };
		103DD3972B15B2F700624EDF /* Assets.xcassets in Resources */ = {isa = PBXBuildFile; fileRef = 103DD3962B15B2F700624EDF /* Assets.xcassets */; };
		103DD39A2B15B2F700624EDF /* LaunchScreen.storyboard in Resources */ = {isa = PBXBuildFile; fileRef = 103DD3982B15B2F700624EDF /* LaunchScreen.storyboard */; };
		103DD3A52B15B62A00624EDF /* CategoryListVC.swift in Sources */ = {isa = PBXBuildFile; fileRef = 103DD3A42B15B62A00624EDF /* CategoryListVC.swift */; };
		103DD3AB2B15CE9B00624EDF /* RoundedButton.swift in Sources */ = {isa = PBXBuildFile; fileRef = 103DD3AA2B15CE9B00624EDF /* RoundedButton.swift */; };
/* End PBXBuildFile section */

/* Begin PBXFileReference section */
		1032CC4B2B15E65E00F2B676 /* BorderedView.swift */ = {isa = PBXFileReference; lastKnownFileType = sourcecode.swift; path = BorderedView.swift; sourceTree = "<group>"; };
		1032CC4E2B15F82600F2B676 /* CelebrityCell.swift */ = {isa = PBXFileReference; lastKnownFileType = sourcecode.swift; path = CelebrityCell.swift; sourceTree = "<group>"; };
		1032CC4F2B15F82600F2B676 /* CelebrityCell.xib */ = {isa = PBXFileReference; lastKnownFileType = file.xib; path = CelebrityCell.xib; sourceTree = "<group>"; };
		1032CC532B16948500F2B676 /* UICollectionView+Extension.swift */ = {isa = PBXFileReference; lastKnownFileType = sourcecode.swift; path = "UICollectionView+Extension.swift"; sourceTree = "<group>"; };
		1032CC562B1694BC00F2B676 /* NibLoadable.swift */ = {isa = PBXFileReference; lastKnownFileType = sourcecode.swift; path = NibLoadable.swift; sourceTree = "<group>"; };
		1032CC582B1694DB00F2B676 /* Reusable.swift */ = {isa = PBXFileReference; lastKnownFileType = sourcecode.swift; path = Reusable.swift; sourceTree = "<group>"; };
		103DD38A2B15B2F500624EDF /* FreeAdsDemo.app */ = {isa = PBXFileReference; explicitFileType = wrapper.application; includeInIndex = 0; path = FreeAdsDemo.app; sourceTree = BUILT_PRODUCTS_DIR; };
		103DD38D2B15B2F500624EDF /* AppDelegate.swift */ = {isa = PBXFileReference; lastKnownFileType = sourcecode.swift; path = AppDelegate.swift; sourceTree = "<group>"; };
		103DD3942B15B2F500624EDF /* Base */ = {isa = PBXFileReference; lastKnownFileType = file.storyboard; name = Base; path = Base.lproj/Main.storyboard; sourceTree = "<group>"; };
		103DD3962B15B2F700624EDF /* Assets.xcassets */ = {isa = PBXFileReference; lastKnownFileType = folder.assetcatalog; path = Assets.xcassets; sourceTree = "<group>"; };
		103DD3992B15B2F700624EDF /* Base */ = {isa = PBXFileReference; lastKnownFileType = file.storyboard; name = Base; path = Base.lproj/LaunchScreen.storyboard; sourceTree = "<group>"; };
		103DD39B2B15B2F700624EDF /* Info.plist */ = {isa = PBXFileReference; lastKnownFileType = text.plist.xml; path = Info.plist; sourceTree = "<group>"; };
		103DD3A42B15B62A00624EDF /* CategoryListVC.swift */ = {isa = PBXFileReference; lastKnownFileType = sourcecode.swift; path = CategoryListVC.swift; sourceTree = "<group>"; };
		103DD3AA2B15CE9B00624EDF /* RoundedButton.swift */ = {isa = PBXFileReference; fileEncoding = 4; lastKnownFileType = sourcecode.swift; path = RoundedButton.swift; sourceTree = "<group>"; };
/* End PBXFileReference section */

/* Begin PBXFrameworksBuildPhase section */
		103DD3872B15B2F400624EDF /* Frameworks */ = {
			isa = PBXFrameworksBuildPhase;
			buildActionMask = 2147483647;
			files = (
			);
			runOnlyForDeploymentPostprocessing = 0;
		};
/* End PBXFrameworksBuildPhase section */

/* Begin PBXGroup section */
		1032CC4D2B15F77900F2B676 /* Celebrity Cell */ = {
			isa = PBXGroup;
			children = (
				1032CC4E2B15F82600F2B676 /* CelebrityCell.swift */,
				1032CC4F2B15F82600F2B676 /* CelebrityCell.xib */,
			);
			path = "Celebrity Cell";
			sourceTree = "<group>";
		};
		1032CC522B16947700F2B676 /* Extensions */ = {
			isa = PBXGroup;
			children = (
				1032CC532B16948500F2B676 /* UICollectionView+Extension.swift */,
			);
			path = Extensions;
			sourceTree = "<group>";
		};
		1032CC552B1694A400F2B676 /* Protocols */ = {
			isa = PBXGroup;
			children = (
				1032CC562B1694BC00F2B676 /* NibLoadable.swift */,
				1032CC582B1694DB00F2B676 /* Reusable.swift */,
			);
			path = Protocols;
			sourceTree = "<group>";
		};
		103DD3812B15B2F400624EDF = {
			isa = PBXGroup;
			children = (
				103DD38C2B15B2F500624EDF /* FreeAdsDemo */,
				103DD38B2B15B2F500624EDF /* Products */,
			);
			sourceTree = "<group>";
		};
		103DD38B2B15B2F500624EDF /* Products */ = {
			isa = PBXGroup;
			children = (
				103DD38A2B15B2F500624EDF /* FreeAdsDemo.app */,
			);
			name = Products;
			sourceTree = "<group>";
		};
		103DD38C2B15B2F500624EDF /* FreeAdsDemo */ = {
			isa = PBXGroup;
			children = (
				103DD38D2B15B2F500624EDF /* AppDelegate.swift */,
				1032CC552B1694A400F2B676 /* Protocols */,
				1032CC522B16947700F2B676 /* Extensions */,
				103DD3A92B15CE8D00624EDF /* Views */,
				103DD3A32B15B5EE00624EDF /* ViewControllers */,
				103DD3A12B15B52400624EDF /* Storyboards */,
				103DD3A22B15B55000624EDF /* Support Files */,
			);
			path = FreeAdsDemo;
			sourceTree = "<group>";
		};
		103DD3A12B15B52400624EDF /* Storyboards */ = {
			isa = PBXGroup;
			children = (
				103DD3932B15B2F500624EDF /* Main.storyboard */,
				103DD3982B15B2F700624EDF /* LaunchScreen.storyboard */,
			);
			path = Storyboards;
			sourceTree = "<group>";
		};
		103DD3A22B15B55000624EDF /* Support Files */ = {
			isa = PBXGroup;
			children = (
				103DD3962B15B2F700624EDF /* Assets.xcassets */,
				103DD39B2B15B2F700624EDF /* Info.plist */,
			);
			path = "Support Files";
			sourceTree = "<group>";
		};
		103DD3A32B15B5EE00624EDF /* ViewControllers */ = {
			isa = PBXGroup;
			children = (
				103DD3A42B15B62A00624EDF /* CategoryListVC.swift */,
			);
			path = ViewControllers;
			sourceTree = "<group>";
		};
		103DD3A92B15CE8D00624EDF /* Views */ = {
			isa = PBXGroup;
			children = (
				103DD3AA2B15CE9B00624EDF /* RoundedButton.swift */,
				1032CC4B2B15E65E00F2B676 /* BorderedView.swift */,
				1032CC4D2B15F77900F2B676 /* Celebrity Cell */,
			);
			path = Views;
			sourceTree = "<group>";
		};
/* End PBXGroup section */

/* Begin PBXNativeTarget section */
		103DD3892B15B2F400624EDF /* FreeAdsDemo */ = {
			isa = PBXNativeTarget;
			buildConfigurationList = 103DD39E2B15B2F700624EDF /* Build configuration list for PBXNativeTarget "FreeAdsDemo" */;
			buildPhases = (
				103DD3862B15B2F400624EDF /* Sources */,
				103DD3872B15B2F400624EDF /* Frameworks */,
				103DD3882B15B2F400624EDF /* Resources */,
			);
			buildRules = (
			);
			dependencies = (
			);
			name = FreeAdsDemo;
			productName = FreeAdsDemo;
			productReference = 103DD38A2B15B2F500624EDF /* FreeAdsDemo.app */;
			productType = "com.apple.product-type.application";
		};
/* End PBXNativeTarget section */

/* Begin PBXProject section */
		103DD3822B15B2F400624EDF /* Project object */ = {
			isa = PBXProject;
			attributes = {
				BuildIndependentTargetsInParallel = 1;
				LastSwiftUpdateCheck = 1500;
				LastUpgradeCheck = 1500;
				TargetAttributes = {
					103DD3892B15B2F400624EDF = {
						CreatedOnToolsVersion = 15.0.1;
					};
				};
			};
			buildConfigurationList = 103DD3852B15B2F400624EDF /* Build configuration list for PBXProject "FreeAdsDemo" */;
			compatibilityVersion = "Xcode 14.0";
			developmentRegion = en;
			hasScannedForEncodings = 0;
			knownRegions = (
				en,
				Base,
			);
			mainGroup = 103DD3812B15B2F400624EDF;
			productRefGroup = 103DD38B2B15B2F500624EDF /* Products */;
			projectDirPath = "";
			projectRoot = "";
			targets = (
				103DD3892B15B2F400624EDF /* FreeAdsDemo */,
			);
		};
/* End PBXProject section */

/* Begin PBXResourcesBuildPhase section */
		103DD3882B15B2F400624EDF /* Resources */ = {
			isa = PBXResourcesBuildPhase;
			buildActionMask = 2147483647;
			files = (
				103DD39A2B15B2F700624EDF /* LaunchScreen.storyboard in Resources */,
				1032CC512B15F82600F2B676 /* CelebrityCell.xib in Resources */,
				103DD3972B15B2F700624EDF /* Assets.xcassets in Resources */,
				103DD3952B15B2F500624EDF /* Main.storyboard in Resources */,
			);
			runOnlyForDeploymentPostprocessing = 0;
		};
/* End PBXResourcesBuildPhase section */

/* Begin PBXSourcesBuildPhase section */
		103DD3862B15B2F400624EDF /* Sources */ = {
			isa = PBXSourcesBuildPhase;
			buildActionMask = 2147483647;
			files = (
				1032CC542B16948500F2B676 /* UICollectionView+Extension.swift in Sources */,
				103DD3A52B15B62A00624EDF /* CategoryListVC.swift in Sources */,
				1032CC572B1694BC00F2B676 /* NibLoadable.swift in Sources */,
				103DD3AB2B15CE9B00624EDF /* RoundedButton.swift in Sources */,
				1032CC592B1694DB00F2B676 /* Reusable.swift in Sources */,
				1032CC502B15F82600F2B676 /* CelebrityCell.swift in Sources */,
				1032CC4C2B15E65E00F2B676 /* BorderedView.swift in Sources */,
				103DD38E2B15B2F500624EDF /* AppDelegate.swift in Sources */,
			);
			runOnlyForDeploymentPostprocessing = 0;
		};
/* End PBXSourcesBuildPhase section */

/* Begin PBXVariantGroup section */
		103DD3932B15B2F500624EDF /* Main.storyboard */ = {
			isa = PBXVariantGroup;
			children = (
				103DD3942B15B2F500624EDF /* Base */,
			);
			name = Main.storyboard;
			sourceTree = "<group>";
		};
		103DD3982B15B2F700624EDF /* LaunchScreen.storyboard */ = {
			isa = PBXVariantGroup;
			children = (
				103DD3992B15B2F700624EDF /* Base */,
			);
			name = LaunchScreen.storyboard;
			sourceTree = "<group>";
		};
/* End PBXVariantGroup section */

/* Begin XCBuildConfiguration section */
		103DD39C2B15B2F700624EDF /* Debug */ = {
			isa = XCBuildConfiguration;
			buildSettings = {
				ALWAYS_SEARCH_USER_PATHS = NO;
				ASSETCATALOG_COMPILER_GENERATE_SWIFT_ASSET_SYMBOL_EXTENSIONS = YES;
				CLANG_ANALYZER_NONNULL = YES;
				CLANG_ANALYZER_NUMBER_OBJECT_CONVERSION = YES_AGGRESSIVE;
				CLANG_CXX_LANGUAGE_STANDARD = "gnu++20";
				CLANG_ENABLE_MODULES = YES;
				CLANG_ENABLE_OBJC_ARC = YES;
				CLANG_ENABLE_OBJC_WEAK = YES;
				CLANG_WARN_BLOCK_CAPTURE_AUTORELEASING = YES;
				CLANG_WARN_BOOL_CONVERSION = YES;
				CLANG_WARN_COMMA = YES;
				CLANG_WARN_CONSTANT_CONVERSION = YES;
				CLANG_WARN_DEPRECATED_OBJC_IMPLEMENTATIONS = YES;
				CLANG_WARN_DIRECT_OBJC_ISA_USAGE = YES_ERROR;
				CLANG_WARN_DOCUMENTATION_COMMENTS = YES;
				CLANG_WARN_EMPTY_BODY = YES;
				CLANG_WARN_ENUM_CONVERSION = YES;
				CLANG_WARN_INFINITE_RECURSION = YES;
				CLANG_WARN_INT_CONVERSION = YES;
				CLANG_WARN_NON_LITERAL_NULL_CONVERSION = YES;
				CLANG_WARN_OBJC_IMPLICIT_RETAIN_SELF = YES;
				CLANG_WARN_OBJC_LITERAL_CONVERSION = YES;
				CLANG_WARN_OBJC_ROOT_CLASS = YES_ERROR;
				CLANG_WARN_QUOTED_INCLUDE_IN_FRAMEWORK_HEADER = YES;
				CLANG_WARN_RANGE_LOOP_ANALYSIS = YES;
				CLANG_WARN_STRICT_PROTOTYPES = YES;
				CLANG_WARN_SUSPICIOUS_MOVE = YES;
				CLANG_WARN_UNGUARDED_AVAILABILITY = YES_AGGRESSIVE;
				CLANG_WARN_UNREACHABLE_CODE = YES;
				CLANG_WARN__DUPLICATE_METHOD_MATCH = YES;
				COPY_PHASE_STRIP = NO;
				DEBUG_INFORMATION_FORMAT = dwarf;
				ENABLE_STRICT_OBJC_MSGSEND = YES;
				ENABLE_TESTABILITY = YES;
				ENABLE_USER_SCRIPT_SANDBOXING = YES;
				GCC_C_LANGUAGE_STANDARD = gnu17;
				GCC_DYNAMIC_NO_PIC = NO;
				GCC_NO_COMMON_BLOCKS = YES;
				GCC_OPTIMIZATION_LEVEL = 0;
				GCC_PREPROCESSOR_DEFINITIONS = (
					"DEBUG=1",
					"$(inherited)",
				);
				GCC_WARN_64_TO_32_BIT_CONVERSION = YES;
				GCC_WARN_ABOUT_RETURN_TYPE = YES_ERROR;
				GCC_WARN_UNDECLARED_SELECTOR = YES;
				GCC_WARN_UNINITIALIZED_AUTOS = YES_AGGRESSIVE;
				GCC_WARN_UNUSED_FUNCTION = YES;
				GCC_WARN_UNUSED_VARIABLE = YES;
				IPHONEOS_DEPLOYMENT_TARGET = 17.0;
				LOCALIZATION_PREFERS_STRING_CATALOGS = YES;
				MTL_ENABLE_DEBUG_INFO = INCLUDE_SOURCE;
				MTL_FAST_MATH = YES;
				ONLY_ACTIVE_ARCH = YES;
				SDKROOT = iphoneos;
				SWIFT_ACTIVE_COMPILATION_CONDITIONS = "DEBUG $(inherited)";
				SWIFT_OPTIMIZATION_LEVEL = "-Onone";
			};
			name = Debug;
		};
		103DD39D2B15B2F700624EDF /* Release */ = {
			isa = XCBuildConfiguration;
			buildSettings = {
				ALWAYS_SEARCH_USER_PATHS = NO;
				ASSETCATALOG_COMPILER_GENERATE_SWIFT_ASSET_SYMBOL_EXTENSIONS = YES;
				CLANG_ANALYZER_NONNULL = YES;
				CLANG_ANALYZER_NUMBER_OBJECT_CONVERSION = YES_AGGRESSIVE;
				CLANG_CXX_LANGUAGE_STANDARD = "gnu++20";
				CLANG_ENABLE_MODULES = YES;
				CLANG_ENABLE_OBJC_ARC = YES;
				CLANG_ENABLE_OBJC_WEAK = YES;
				CLANG_WARN_BLOCK_CAPTURE_AUTORELEASING = YES;
				CLANG_WARN_BOOL_CONVERSION = YES;
				CLANG_WARN_COMMA = YES;
				CLANG_WARN_CONSTANT_CONVERSION = YES;
				CLANG_WARN_DEPRECATED_OBJC_IMPLEMENTATIONS = YES;
				CLANG_WARN_DIRECT_OBJC_ISA_USAGE = YES_ERROR;
				CLANG_WARN_DOCUMENTATION_COMMENTS = YES;
				CLANG_WARN_EMPTY_BODY = YES;
				CLANG_WARN_ENUM_CONVERSION = YES;
				CLANG_WARN_INFINITE_RECURSION = YES;
				CLANG_WARN_INT_CONVERSION = YES;
				CLANG_WARN_NON_LITERAL_NULL_CONVERSION = YES;
				CLANG_WARN_OBJC_IMPLICIT_RETAIN_SELF = YES;
				CLANG_WARN_OBJC_LITERAL_CONVERSION = YES;
				CLANG_WARN_OBJC_ROOT_CLASS = YES_ERROR;
				CLANG_WARN_QUOTED_INCLUDE_IN_FRAMEWORK_HEADER = YES;
				CLANG_WARN_RANGE_LOOP_ANALYSIS = YES;
				CLANG_WARN_STRICT_PROTOTYPES = YES;
				CLANG_WARN_SUSPICIOUS_MOVE = YES;
				CLANG_WARN_UNGUARDED_AVAILABILITY = YES_AGGRESSIVE;
				CLANG_WARN_UNREACHABLE_CODE = YES;
				CLANG_WARN__DUPLICATE_METHOD_MATCH = YES;
				COPY_PHASE_STRIP = NO;
				DEBUG_INFORMATION_FORMAT = "dwarf-with-dsym";
				ENABLE_NS_ASSERTIONS = NO;
				ENABLE_STRICT_OBJC_MSGSEND = YES;
				ENABLE_USER_SCRIPT_SANDBOXING = YES;
				GCC_C_LANGUAGE_STANDARD = gnu17;
				GCC_NO_COMMON_BLOCKS = YES;
				GCC_WARN_64_TO_32_BIT_CONVERSION = YES;
				GCC_WARN_ABOUT_RETURN_TYPE = YES_ERROR;
				GCC_WARN_UNDECLARED_SELECTOR = YES;
				GCC_WARN_UNINITIALIZED_AUTOS = YES_AGGRESSIVE;
				GCC_WARN_UNUSED_FUNCTION = YES;
				GCC_WARN_UNUSED_VARIABLE = YES;
				IPHONEOS_DEPLOYMENT_TARGET = 17.0;
				LOCALIZATION_PREFERS_STRING_CATALOGS = YES;
				MTL_ENABLE_DEBUG_INFO = NO;
				MTL_FAST_MATH = YES;
				SDKROOT = iphoneos;
				SWIFT_COMPILATION_MODE = wholemodule;
				VALIDATE_PRODUCT = YES;
			};
			name = Release;
		};
		103DD39F2B15B2F700624EDF /* Debug */ = {
			isa = XCBuildConfiguration;
			buildSettings = {
				ASSETCATALOG_COMPILER_APPICON_NAME = AppIcon;
				ASSETCATALOG_COMPILER_GLOBAL_ACCENT_COLOR_NAME = AccentColor;
				CODE_SIGN_STYLE = Automatic;
				CURRENT_PROJECT_VERSION = 1;
				DEVELOPMENT_TEAM = MG7UQMKDVD;
				GENERATE_INFOPLIST_FILE = YES;
				INFOPLIST_FILE = "FreeAdsDemo/Support Files/Info.plist";
				INFOPLIST_KEY_UIApplicationSupportsIndirectInputEvents = YES;
				INFOPLIST_KEY_UILaunchStoryboardName = LaunchScreen;
				INFOPLIST_KEY_UIMainStoryboardFile = Main;
				INFOPLIST_KEY_UISupportedInterfaceOrientations_iPad = "UIInterfaceOrientationPortrait UIInterfaceOrientationPortraitUpsideDown UIInterfaceOrientationLandscapeLeft UIInterfaceOrientationLandscapeRight";
				INFOPLIST_KEY_UISupportedInterfaceOrientations_iPhone = "UIInterfaceOrientationPortrait UIInterfaceOrientationLandscapeLeft UIInterfaceOrientationLandscapeRight";
				LD_RUNPATH_SEARCH_PATHS = (
					"$(inherited)",
					"@executable_path/Frameworks",
				);
				MARKETING_VERSION = 1.0;
				PRODUCT_BUNDLE_IDENTIFIER = com.iDevScout.FreeAdsDemo;
				PRODUCT_NAME = "$(TARGET_NAME)";
				SWIFT_EMIT_LOC_STRINGS = YES;
				SWIFT_VERSION = 5.0;
				TARGETED_DEVICE_FAMILY = "1,2";
			};
			name = Debug;
		};
		103DD3A02B15B2F700624EDF /* Release */ = {
			isa = XCBuildConfiguration;
			buildSettings = {
				ASSETCATALOG_COMPILER_APPICON_NAME = AppIcon;
				ASSETCATALOG_COMPILER_GLOBAL_ACCENT_COLOR_NAME = AccentColor;
				CODE_SIGN_STYLE = Automatic;
				CURRENT_PROJECT_VERSION = 1;
				DEVELOPMENT_TEAM = MG7UQMKDVD;
				GENERATE_INFOPLIST_FILE = YES;
				INFOPLIST_FILE = "FreeAdsDemo/Support Files/Info.plist";
				INFOPLIST_KEY_UIApplicationSupportsIndirectInputEvents = YES;
				INFOPLIST_KEY_UILaunchStoryboardName = LaunchScreen;
				INFOPLIST_KEY_UIMainStoryboardFile = Main;
				INFOPLIST_KEY_UISupportedInterfaceOrientations_iPad = "UIInterfaceOrientationPortrait UIInterfaceOrientationPortraitUpsideDown UIInterfaceOrientationLandscapeLeft UIInterfaceOrientationLandscapeRight";
				INFOPLIST_KEY_UISupportedInterfaceOrientations_iPhone = "UIInterfaceOrientationPortrait UIInterfaceOrientationLandscapeLeft UIInterfaceOrientationLandscapeRight";
				LD_RUNPATH_SEARCH_PATHS = (
					"$(inherited)",
					"@executable_path/Frameworks",
				);
				MARKETING_VERSION = 1.0;
				PRODUCT_BUNDLE_IDENTIFIER = com.iDevScout.FreeAdsDemo;
				PRODUCT_NAME = "$(TARGET_NAME)";
				SWIFT_EMIT_LOC_STRINGS = YES;
				SWIFT_VERSION = 5.0;
				TARGETED_DEVICE_FAMILY = "1,2";
			};
			name = Release;
		};
/* End XCBuildConfiguration section */

/* Begin XCConfigurationList section */
		103DD3852B15B2F400624EDF /* Build configuration list for PBXProject "FreeAdsDemo" */ = {
			isa = XCConfigurationList;
			buildConfigurations = (
				103DD39C2B15B2F700624EDF /* Debug */,
				103DD39D2B15B2F700624EDF /* Release */,
			);
			defaultConfigurationIsVisible = 0;
			defaultConfigurationName = Release;
		};
		103DD39E2B15B2F700624EDF /* Build configuration list for PBXNativeTarget "FreeAdsDemo" */ = {
			isa = XCConfigurationList;
			buildConfigurations = (
				103DD39F2B15B2F700624EDF /* Debug */,
				103DD3A02B15B2F700624EDF /* Release */,
			);
			defaultConfigurationIsVisible = 0;
			defaultConfigurationName = Release;
		};
/* End XCConfigurationList section */
	};
	rootObject = 103DD3822B15B2F400624EDF /* Project object */;
}
